version = 1
runtime = "x86_64-unknown-linux-gnu"

[[artifacts]]
name = "relay"
version = "1.0.2"
url = "https://github.com/n0-computer/iroh/releases/download/v1.0.2/iroh-relay-v1.0.2-x86_64-unknown-linux-gnu.tar.gz"
sha256 = "7faf12b2b0137b5993e8dd1fb7557b2e61fee1a53486db74bb80d5c96907af93"
executable = "iroh-relay"

[[artifacts]]
name = "dns"
version = "1.0.2"
url = "https://github.com/n0-computer/iroh/releases/download/v1.0.2/iroh-dns-server-v1.0.2-x86_64-unknown-linux-gnu.tar.gz"
sha256 = "5d5221d4494deb6c69b42e506feb1ad9db63458a20434100a2fc1dbd4fcd0faa"
executable = "iroh-dns-server"
